
Microsoft Visual Studio Solution File, Format Version 12.00
# Visual Studio Version 16
VisualStudioVersion = 16.0.29102.190
MinimumVisualStudioVersion = 10.0.40219.1
Project("{9A19103F-16F7-4668-BE54-9A1E7A4F7556}") = "TotvsPDV", "TotvsPDV\TotvsPDV.csproj", "{57926D74-918C-4104-98BF-7F899EB3A370}"
EndProject
Project("{FAE04EC0-301F-11D3-BF4B-00C04F79EFBC}") = "UnitTestPDV", "UnitTestPDV\UnitTestPDV.csproj", "{95C58BEF-115D-4F0F-AD7F-D0BBDDF3E57A}"
EndProject
Global
	GlobalSection(SolutionConfigurationPlatforms) = preSolution
		Debug|Any CPU = Debug|Any CPU
		Release|Any CPU = Release|Any CPU
	EndGlobalSection
	GlobalSection(ProjectConfigurationPlatforms) = postSolution
		{57926D74-918C-4104-98BF-7F899EB3A370}.Debug|Any CPU.ActiveCfg = Debug|Any CPU
		{57926D74-918C-4104-98BF-7F899EB3A370}.Debug|Any CPU.Build.0 = Debug|Any CPU
		{57926D74-918C-4104-98BF-7F899EB3A370}.Release|Any CPU.ActiveCfg = Release|Any CPU
		{57926D74-918C-4104-98BF-7F899EB3A370}.Release|Any CPU.Build.0 = Release|Any CPU
		{95C58BEF-115D-4F0F-AD7F-D0BBDDF3E57A}.Debug|Any CPU.ActiveCfg = Debug|Any CPU
		{95C58BEF-115D-4F0F-AD7F-D0BBDDF3E57A}.Debug|Any CPU.Build.0 = Debug|Any CPU
		{95C58BEF-115D-4F0F-AD7F-D0BBDDF3E57A}.Release|Any CPU.ActiveCfg = Release|Any CPU
		{95C58BEF-115D-4F0F-AD7F-D0BBDDF3E57A}.Release|Any CPU.Build.0 = Release|Any CPU
	EndGlobalSection
	GlobalSection(SolutionProperties) = preSolution
		HideSolutionNode = FALSE
	EndGlobalSection
	GlobalSection(ExtensibilityGlobals) = postSolution
		SolutionGuid = {7D284DD1-DA9B-4CEB-B664-ECB35FD1752B}
	EndGlobalSection
EndGlobal
